
Microsoft Visual Studio Solution File, Format Version 12.00
# Visual Studio Version 16
VisualStudioVersion = 16.0.29806.167
MinimumVisualStudioVersion = 10.0.40219.1
Project("{9A19103F-16F7-4668-BE54-9A1E7A4F7556}") = "Vantex.Technician.Service", "Vantex.Technician.Service.csproj", "{5DA0867F-96A4-4307-8730-36F47D6562EB}"
EndProject
Project("{9A19103F-16F7-4668-BE54-9A1E7A4F7556}") = "Vantex.Technician.Service.Tests", "Vantex.Technician.Tests\Vantex.Technician.Service.Tests.csproj", "{345CF7E4-58B4-4675-B1E6-3C16216AA610}"
EndProject
Project("{2150E333-8FDC-42A3-9474-1A3956D46DE8}") = "Solution Items", "Solution Items", "{59C3F6AB-4A01-4DFD-82DC-D769EB3768CA}"
	ProjectSection(SolutionItems) = preProject
		.editorconfig = .editorconfig
	EndProjectSection
EndProject
Global
	GlobalSection(SolutionConfigurationPlatforms) = preSolution
		Debug|Any CPU = Debug|Any CPU
		Release|Any CPU = Release|Any CPU
	EndGlobalSection
	GlobalSection(ProjectConfigurationPlatforms) = postSolution
		{5DA0867F-96A4-4307-8730-36F47D6562EB}.Debug|Any CPU.ActiveCfg = Debug|Any CPU
		{5DA0867F-96A4-4307-8730-36F47D6562EB}.Debug|Any CPU.Build.0 = Debug|Any CPU
		{5DA0867F-96A4-4307-8730-36F47D6562EB}.Release|Any CPU.ActiveCfg = Release|Any CPU
		{5DA0867F-96A4-4307-8730-36F47D6562EB}.Release|Any CPU.Build.0 = Release|Any CPU
		{345CF7E4-58B4-4675-B1E6-3C16216AA610}.Debug|Any CPU.ActiveCfg = Debug|Any CPU
		{345CF7E4-58B4-4675-B1E6-3C16216AA610}.Debug|Any CPU.Build.0 = Debug|Any CPU
		{345CF7E4-58B4-4675-B1E6-3C16216AA610}.Release|Any CPU.ActiveCfg = Release|Any CPU
		{345CF7E4-58B4-4675-B1E6-3C16216AA610}.Release|Any CPU.Build.0 = Release|Any CPU
	EndGlobalSection
	GlobalSection(SolutionProperties) = preSolution
		HideSolutionNode = FALSE
	EndGlobalSection
	GlobalSection(ExtensibilityGlobals) = postSolution
		SolutionGuid = {F2BDB64C-3BD7-4888-A238-F27CD38C8A7F}
	EndGlobalSection
EndGlobal
